
Microsoft Visual Studio Solution File, Format Version 12.00
# Visual Studio 15
VisualStudioVersion = 15.0.28307.329
MinimumVisualStudioVersion = 10.0.40219.1
Project("{2150E333-8FDC-42A3-9474-1A3956D46DE8}") = "Ders1", "Ders1", "{0004D7D4-60D5-416C-835C-E26D0F81A373}"
EndProject
Project("{9A19103F-16F7-4668-BE54-9A1E7A4F7556}") = "CoreGiris", "CoreGiris\CoreGiris.csproj", "{CC11E53B-DCDE-4FAA-A7C4-CD7C88B7A5F7}"
EndProject
Project("{2150E333-8FDC-42A3-9474-1A3956D46DE8}") = "Ders2", "Ders2", "{0EF0374F-B72C-456D-BE2D-F2A565F191C9}"
EndProject
Project("{9A19103F-16F7-4668-BE54-9A1E7A4F7556}") = "CoreIdentity", "CoreIdentity\CoreIdentity.csproj", "{052ECE3E-6B58-4E78-8146-B5E144A1C37D}"
EndProject
Project("{2150E333-8FDC-42A3-9474-1A3956D46DE8}") = "Ders3", "Ders3", "{9FAB5D98-7427-4EA5-970C-70DCEF38B8E1}"
EndProject
Project("{FAE04EC0-301F-11D3-BF4B-00C04F79EFBC}") = "Kuzey.UI.Web", "Kuzey.UI.Web\Kuzey.UI.Web.csproj", "{024F6C14-9370-41E8-91CC-2A9D9D2D876D}"
EndProject
Project("{FAE04EC0-301F-11D3-BF4B-00C04F79EFBC}") = "Kuzey.Models", "Kuzey.Models\Kuzey.Models.csproj", "{7B1C4DB0-520B-4469-914C-DC3610C3AEF1}"
EndProject
Project("{FAE04EC0-301F-11D3-BF4B-00C04F79EFBC}") = "Kuzey.DAL", "Kuzey.DAL\Kuzey.DAL.csproj", "{FCABCC85-818B-4F98-8A98-D1718F224E53}"
EndProject
Project("{FAE04EC0-301F-11D3-BF4B-00C04F79EFBC}") = "Kuzey.BLL", "Kuzey.BLL\Kuzey.BLL.csproj", "{D1226EAB-DF10-4728-965C-119E0B0551BA}"
EndProject
Global
	GlobalSection(SolutionConfigurationPlatforms) = preSolution
		Debug|Any CPU = Debug|Any CPU
		Release|Any CPU = Release|Any CPU
	EndGlobalSection
	GlobalSection(ProjectConfigurationPlatforms) = postSolution
		{CC11E53B-DCDE-4FAA-A7C4-CD7C88B7A5F7}.Debug|Any CPU.ActiveCfg = Debug|Any CPU
		{CC11E53B-DCDE-4FAA-A7C4-CD7C88B7A5F7}.Debug|Any CPU.Build.0 = Debug|Any CPU
		{CC11E53B-DCDE-4FAA-A7C4-CD7C88B7A5F7}.Release|Any CPU.ActiveCfg = Release|Any CPU
		{CC11E53B-DCDE-4FAA-A7C4-CD7C88B7A5F7}.Release|Any CPU.Build.0 = Release|Any CPU
		{052ECE3E-6B58-4E78-8146-B5E144A1C37D}.Debug|Any CPU.ActiveCfg = Debug|Any CPU
		{052ECE3E-6B58-4E78-8146-B5E144A1C37D}.Debug|Any CPU.Build.0 = Debug|Any CPU
		{052ECE3E-6B58-4E78-8146-B5E144A1C37D}.Release|Any CPU.ActiveCfg = Release|Any CPU
		{052ECE3E-6B58-4E78-8146-B5E144A1C37D}.Release|Any CPU.Build.0 = Release|Any CPU
		{024F6C14-9370-41E8-91CC-2A9D9D2D876D}.Debug|Any CPU.ActiveCfg = Debug|Any CPU
		{024F6C14-9370-41E8-91CC-2A9D9D2D876D}.Debug|Any CPU.Build.0 = Debug|Any CPU
		{024F6C14-9370-41E8-91CC-2A9D9D2D876D}.Release|Any CPU.ActiveCfg = Release|Any CPU
		{024F6C14-9370-41E8-91CC-2A9D9D2D876D}.Release|Any CPU.Build.0 = Release|Any CPU
		{7B1C4DB0-520B-4469-914C-DC3610C3AEF1}.Debug|Any CPU.ActiveCfg = Debug|Any CPU
		{7B1C4DB0-520B-4469-914C-DC3610C3AEF1}.Debug|Any CPU.Build.0 = Debug|Any CPU
		{7B1C4DB0-520B-4469-914C-DC3610C3AEF1}.Release|Any CPU.ActiveCfg = Release|Any CPU
		{7B1C4DB0-520B-4469-914C-DC3610C3AEF1}.Release|Any CPU.Build.0 = Release|Any CPU
		{FCABCC85-818B-4F98-8A98-D1718F224E53}.Debug|Any CPU.ActiveCfg = Debug|Any CPU
		{FCABCC85-818B-4F98-8A98-D1718F224E53}.Debug|Any CPU.Build.0 = Debug|Any CPU
		{FCABCC85-818B-4F98-8A98-D1718F224E53}.Release|Any CPU.ActiveCfg = Release|Any CPU
		{FCABCC85-818B-4F98-8A98-D1718F224E53}.Release|Any CPU.Build.0 = Release|Any CPU
		{D1226EAB-DF10-4728-965C-119E0B0551BA}.Debug|Any CPU.ActiveCfg = Debug|Any CPU
		{D1226EAB-DF10-4728-965C-119E0B0551BA}.Debug|Any CPU.Build.0 = Debug|Any CPU
		{D1226EAB-DF10-4728-965C-119E0B0551BA}.Release|Any CPU.ActiveCfg = Release|Any CPU
		{D1226EAB-DF10-4728-965C-119E0B0551BA}.Release|Any CPU.Build.0 = Release|Any CPU
	EndGlobalSection
	GlobalSection(SolutionProperties) = preSolution
		HideSolutionNode = FALSE
	EndGlobalSection
	GlobalSection(NestedProjects) = preSolution
		{CC11E53B-DCDE-4FAA-A7C4-CD7C88B7A5F7} = {0004D7D4-60D5-416C-835C-E26D0F81A373}
		{052ECE3E-6B58-4E78-8146-B5E144A1C37D} = {0EF0374F-B72C-456D-BE2D-F2A565F191C9}
		{024F6C14-9370-41E8-91CC-2A9D9D2D876D} = {9FAB5D98-7427-4EA5-970C-70DCEF38B8E1}
		{7B1C4DB0-520B-4469-914C-DC3610C3AEF1} = {9FAB5D98-7427-4EA5-970C-70DCEF38B8E1}
		{FCABCC85-818B-4F98-8A98-D1718F224E53} = {9FAB5D98-7427-4EA5-970C-70DCEF38B8E1}
		{D1226EAB-DF10-4728-965C-119E0B0551BA} = {9FAB5D98-7427-4EA5-970C-70DCEF38B8E1}
	EndGlobalSection
	GlobalSection(ExtensibilityGlobals) = postSolution
		SolutionGuid = {66290BF0-73E8-4C73-A9FA-EE2D4A8ADB21}
	EndGlobalSection
EndGlobal
